
Microsoft Visual Studio Solution File, Format Version 12.00
# Visual Studio Version 17
VisualStudioVersion = 17.7.34031.279
MinimumVisualStudioVersion = 10.0.40219.1
Project("{9A19103F-16F7-4668-BE54-9A1E7A4F7556}") = "CodingChallange2023", "CodingChallange2023\CodingChallange2023.csproj", "{ED6C94DD-9B04-4A98-9113-5A8F5098BF26}"
EndProject
Project("{9A19103F-16F7-4668-BE54-9A1E7A4F7556}") = "CodingChallange2022", "CodingChallange2022\CodingChallange2022.csproj", "{C6A79463-0B25-4B71-BA6D-D8DBCD996019}"
EndProject
Project("{9A19103F-16F7-4668-BE54-9A1E7A4F7556}") = "CodingChallange2020", "CodingChallange2020\CodingChallange2020.csproj", "{630E860F-00F7-4A16-AAD2-CAA221CC10FE}"
EndProject
Project("{2150E333-8FDC-42A3-9474-1A3956D46DE8}") = "Solution Items", "Solution Items", "{B8B51B2B-E4CD-4DDD-9657-50C0C13F2AD3}"
	ProjectSection(SolutionItems) = preProject
		.gitattributes = .gitattributes
		.gitignore = .gitignore
		LICENSE.txt = LICENSE.txt
		README.md = README.md
	EndProjectSection
EndProject
Project("{9A19103F-16F7-4668-BE54-9A1E7A4F7556}") = "TextUserInterface", "TextUserInterface\TextUserInterface.csproj", "{DA648CEF-D62B-4A4F-AB1C-B5B551B15D74}"
EndProject
Project("{2150E333-8FDC-42A3-9474-1A3956D46DE8}") = "Libraries", "Libraries", "{8FEAE6FB-DC23-44A6-BFF5-C08654DA0FB8}"
	ProjectSection(SolutionItems) = preProject
		Libraries\Crayon.dll = Libraries\Crayon.dll
		Libraries\Crayon.pdb = Libraries\Crayon.pdb
	EndProjectSection
EndProject
Global
	GlobalSection(SolutionConfigurationPlatforms) = preSolution
		Debug|Any CPU = Debug|Any CPU
		Release|Any CPU = Release|Any CPU
	EndGlobalSection
	GlobalSection(ProjectConfigurationPlatforms) = postSolution
		{ED6C94DD-9B04-4A98-9113-5A8F5098BF26}.Debug|Any CPU.ActiveCfg = Debug|Any CPU
		{ED6C94DD-9B04-4A98-9113-5A8F5098BF26}.Debug|Any CPU.Build.0 = Debug|Any CPU
		{ED6C94DD-9B04-4A98-9113-5A8F5098BF26}.Release|Any CPU.ActiveCfg = Release|Any CPU
		{ED6C94DD-9B04-4A98-9113-5A8F5098BF26}.Release|Any CPU.Build.0 = Release|Any CPU
		{C6A79463-0B25-4B71-BA6D-D8DBCD996019}.Debug|Any CPU.ActiveCfg = Debug|Any CPU
		{C6A79463-0B25-4B71-BA6D-D8DBCD996019}.Debug|Any CPU.Build.0 = Debug|Any CPU
		{C6A79463-0B25-4B71-BA6D-D8DBCD996019}.Release|Any CPU.ActiveCfg = Release|Any CPU
		{C6A79463-0B25-4B71-BA6D-D8DBCD996019}.Release|Any CPU.Build.0 = Release|Any CPU
		{630E860F-00F7-4A16-AAD2-CAA221CC10FE}.Debug|Any CPU.ActiveCfg = Debug|Any CPU
		{630E860F-00F7-4A16-AAD2-CAA221CC10FE}.Debug|Any CPU.Build.0 = Debug|Any CPU
		{630E860F-00F7-4A16-AAD2-CAA221CC10FE}.Release|Any CPU.ActiveCfg = Release|Any CPU
		{630E860F-00F7-4A16-AAD2-CAA221CC10FE}.Release|Any CPU.Build.0 = Release|Any CPU
		{DA648CEF-D62B-4A4F-AB1C-B5B551B15D74}.Debug|Any CPU.ActiveCfg = Debug|Any CPU
		{DA648CEF-D62B-4A4F-AB1C-B5B551B15D74}.Debug|Any CPU.Build.0 = Debug|Any CPU
		{DA648CEF-D62B-4A4F-AB1C-B5B551B15D74}.Release|Any CPU.ActiveCfg = Release|Any CPU
		{DA648CEF-D62B-4A4F-AB1C-B5B551B15D74}.Release|Any CPU.Build.0 = Release|Any CPU
	EndGlobalSection
	GlobalSection(SolutionProperties) = preSolution
		HideSolutionNode = FALSE
	EndGlobalSection
	GlobalSection(ExtensibilityGlobals) = postSolution
		SolutionGuid = {67E36E57-425F-44AA-9BB4-0E652224449B}
	EndGlobalSection
EndGlobal
